
Microsoft Visual Studio Solution File, Format Version 12.00
# Visual Studio Version 17
VisualStudioVersion = 17.13.35931.197
MinimumVisualStudioVersion = 10.0.40219.1
Project("{FAE04EC0-301F-11D3-BF4B-00C04F79EFBC}") = "SistemaAtendimento", "SistemaAtendimento.csproj", "{4CCE40C8-57D5-4E86-AE02-5AF28685D342}"
EndProject
Global
	GlobalSection(SolutionConfigurationPlatforms) = preSolution
		Debug|Any CPU = Debug|Any CPU
		Release|Any CPU = Release|Any CPU
	EndGlobalSection
	GlobalSection(ProjectConfigurationPlatforms) = postSolution
		{4CCE40C8-57D5-4E86-AE02-5AF28685D342}.Debug|Any CPU.ActiveCfg = Debug|Any CPU
		{4CCE40C8-57D5-4E86-AE02-5AF28685D342}.Debug|Any CPU.Build.0 = Debug|Any CPU
		{4CCE40C8-57D5-4E86-AE02-5AF28685D342}.Release|Any CPU.ActiveCfg = Release|Any CPU
		{4CCE40C8-57D5-4E86-AE02-5AF28685D342}.Release|Any CPU.Build.0 = Release|Any CPU
	EndGlobalSection
	GlobalSection(SolutionProperties) = preSolution
		HideSolutionNode = FALSE
	EndGlobalSection
	GlobalSection(ExtensibilityGlobals) = postSolution
		SolutionGuid = {8E374F6A-8351-40B3-ACD4-6BAC2024EA7F}
	EndGlobalSection
EndGlobal
